
Microsoft Visual Studio Solution File, Format Version 12.00
# Visual Studio Version 17
VisualStudioVersion = 17.7.34221.43
MinimumVisualStudioVersion = 10.0.40219.1
Project("{FAE04EC0-301F-11D3-BF4B-00C04F79EFBC}") = "NonStreamTokenUsageFunction", "NonStreamTokenUsageFunction.csproj", "{BFD0A9D9-E317-48CA-9E5E-800F78A87E27}"
EndProject
Global
	GlobalSection(SolutionConfigurationPlatforms) = preSolution
		Debug|Any CPU = Debug|Any CPU
		Release|Any CPU = Release|Any CPU
	EndGlobalSection
	GlobalSection(ProjectConfigurationPlatforms) = postSolution
		{BFD0A9D9-E317-48CA-9E5E-800F78A87E27}.Debug|Any CPU.ActiveCfg = Debug|Any CPU
		{BFD0A9D9-E317-48CA-9E5E-800F78A87E27}.Debug|Any CPU.Build.0 = Debug|Any CPU
		{BFD0A9D9-E317-48CA-9E5E-800F78A87E27}.Release|Any CPU.ActiveCfg = Release|Any CPU
		{BFD0A9D9-E317-48CA-9E5E-800F78A87E27}.Release|Any CPU.Build.0 = Release|Any CPU
	EndGlobalSection
	GlobalSection(SolutionProperties) = preSolution
		HideSolutionNode = FALSE
	EndGlobalSection
	GlobalSection(ExtensibilityGlobals) = postSolution
		SolutionGuid = {423E461E-A13A-438F-B2C3-AC1A7DFB8B47}
	EndGlobalSection
EndGlobal
